Microsoft Visual Studio Solution File, Format Version 12.00
# Visual Studio 15
VisualStudioVersion = 15.0.27004.2005
MinimumVisualStudioVersion = 15.0.26124.0
Project("{9A19103F-16F7-4668-BE54-9A1E7A4F7556}") = "DarkStatsCore.Data", "DarkStatsCore.Data\DarkStatsCore.Data.csproj", "{0C4F5B32-0B2A-456B-8DDA-4CEC064E42DA}"
EndProject
Project("{9A19103F-16F7-4668-BE54-9A1E7A4F7556}") = "DarkStatsCore", "DarkStatsCore\DarkStatsCore.csproj", "{BB44897A-7125-44E3-901F-DEBBD9944FD0}"
EndProject
Global
	GlobalSection(SolutionConfigurationPlatforms) = preSolution
		Debug|Any CPU = Debug|Any CPU
		Debug|x64 = Debug|x64
		Debug|x86 = Debug|x86
		Release|Any CPU = Release|Any CPU
		Release|x64 = Release|x64
		Release|x86 = Release|x86
	EndGlobalSection
	GlobalSection(ProjectConfigurationPlatforms) = postSolution
		{0C4F5B32-0B2A-456B-8DDA-4CEC064E42DA}.Debug|Any CPU.ActiveCfg = Debug|Any CPU
		{0C4F5B32-0B2A-456B-8DDA-4CEC064E42DA}.Debug|Any CPU.Build.0 = Debug|Any CPU
		{0C4F5B32-0B2A-456B-8DDA-4CEC064E42DA}.Debug|x64.ActiveCfg = Debug|Any CPU
		{0C4F5B32-0B2A-456B-8DDA-4CEC064E42DA}.Debug|x64.Build.0 = Debug|Any CPU
		{0C4F5B32-0B2A-456B-8DDA-4CEC064E42DA}.Debug|x86.ActiveCfg = Debug|Any CPU
		{0C4F5B32-0B2A-456B-8DDA-4CEC064E42DA}.Debug|x86.Build.0 = Debug|Any CPU
		{0C4F5B32-0B2A-456B-8DDA-4CEC064E42DA}.Release|Any CPU.ActiveCfg = Release|Any CPU
		{0C4F5B32-0B2A-456B-8DDA-4CEC064E42DA}.Release|Any CPU.Build.0 = Release|Any CPU
		{0C4F5B32-0B2A-456B-8DDA-4CEC064E42DA}.Release|x64.ActiveCfg = Release|Any CPU
		{0C4F5B32-0B2A-456B-8DDA-4CEC064E42DA}.Release|x64.Build.0 = Release|Any CPU
		{0C4F5B32-0B2A-456B-8DDA-4CEC064E42DA}.Release|x86.ActiveCfg = Release|Any CPU
		{0C4F5B32-0B2A-456B-8DDA-4CEC064E42DA}.Release|x86.Build.0 = Release|Any CPU
		{BB44897A-7125-44E3-901F-DEBBD9944FD0}.Debug|Any CPU.ActiveCfg = Debug|Any CPU
		{BB44897A-7125-44E3-901F-DEBBD9944FD0}.Debug|Any CPU.Build.0 = Debug|Any CPU
		{BB44897A-7125-44E3-901F-DEBBD9944FD0}.Debug|x64.ActiveCfg = Debug|Any CPU
		{BB44897A-7125-44E3-901F-DEBBD9944FD0}.Debug|x64.Build.0 = Debug|Any CPU
		{BB44897A-7125-44E3-901F-DEBBD9944FD0}.Debug|x86.ActiveCfg = Debug|Any CPU
		{BB44897A-7125-44E3-901F-DEBBD9944FD0}.Debug|x86.Build.0 = Debug|Any CPU
		{BB44897A-7125-44E3-901F-DEBBD9944FD0}.Release|Any CPU.ActiveCfg = Release|Any CPU
		{BB44897A-7125-44E3-901F-DEBBD9944FD0}.Release|Any CPU.Build.0 = Release|Any CPU
		{BB44897A-7125-44E3-901F-DEBBD9944FD0}.Release|x64.ActiveCfg = Release|Any CPU
		{BB44897A-7125-44E3-901F-DEBBD9944FD0}.Release|x64.Build.0 = Release|Any CPU
		{BB44897A-7125-44E3-901F-DEBBD9944FD0}.Release|x86.ActiveCfg = Release|Any CPU
		{BB44897A-7125-44E3-901F-DEBBD9944FD0}.Release|x86.Build.0 = Release|Any CPU
	EndGlobalSection
	GlobalSection(SolutionProperties) = preSolution
		HideSolutionNode = FALSE
	EndGlobalSection
	GlobalSection(ExtensibilityGlobals) = postSolution
		SolutionGuid = {C17DA6B3-49BB-4AB6-9424-CEE633953421}
	EndGlobalSection
EndGlobal
