
Microsoft Visual Studio Solution File, Format Version 12.00
# Visual Studio 2012
Project("{FAE04EC0-301F-11D3-BF4B-00C04F79EFBC}") = "DarkStatsCore", "DarkStatsCore\DarkStatsCore.csproj", "{9D059B17-F0EC-451C-BEBE-8CF243E0F632}"
EndProject
Global
	GlobalSection(SolutionConfigurationPlatforms) = preSolution
		Debug|Any CPU = Debug|Any CPU
		Release|Any CPU = Release|Any CPU
	EndGlobalSection
	GlobalSection(ProjectConfigurationPlatforms) = postSolution
		{9D059B17-F0EC-451C-BEBE-8CF243E0F632}.Debug|Any CPU.ActiveCfg = Debug|Any CPU
		{9D059B17-F0EC-451C-BEBE-8CF243E0F632}.Debug|Any CPU.Build.0 = Debug|Any CPU
		{9D059B17-F0EC-451C-BEBE-8CF243E0F632}.Release|Any CPU.ActiveCfg = Release|Any CPU
		{9D059B17-F0EC-451C-BEBE-8CF243E0F632}.Release|Any CPU.Build.0 = Release|Any CPU
	EndGlobalSection
EndGlobal
